Microsoft Visual Studio Solution File, Format Version 12.00
# Visual Studio Version 17
VisualStudioVersion = 17.5.2.0
MinimumVisualStudioVersion = 10.0.40219.1
Project("{FAE04EC0-301F-11D3-BF4B-00C04F79EFBC}") = "iatec-system-api", "iatec-system-api.csproj", "{BBB6F7AB-3E80-D183-A7A9-2EAD56102C6D}"
EndProject
Global
	GlobalSection(SolutionConfigurationPlatforms) = preSolution
		Debug|Any CPU = Debug|Any CPU
		Release|Any CPU = Release|Any CPU
	EndGlobalSection
	GlobalSection(ProjectConfigurationPlatforms) = postSolution
		{BBB6F7AB-3E80-D183-A7A9-2EAD56102C6D}.Debug|Any CPU.ActiveCfg = Debug|Any CPU
		{BBB6F7AB-3E80-D183-A7A9-2EAD56102C6D}.Debug|Any CPU.Build.0 = Debug|Any CPU
		{BBB6F7AB-3E80-D183-A7A9-2EAD56102C6D}.Release|Any CPU.ActiveCfg = Release|Any CPU
		{BBB6F7AB-3E80-D183-A7A9-2EAD56102C6D}.Release|Any CPU.Build.0 = Release|Any CPU
	EndGlobalSection
	GlobalSection(SolutionProperties) = preSolution
		HideSolutionNode = FALSE
	EndGlobalSection
	GlobalSection(ExtensibilityGlobals) = postSolution
		SolutionGuid = {DB612C71-934A-455E-A8C0-2146CAC4F8D5}
	EndGlobalSection
EndGlobal
